// !$*UTF8*$!
{
	archiveVersion = 1;
	classes = {
	};
	objectVersion = 56;
	objects = {

/* Begin PBXBuildFile section */
		292CBD7066E12872DFED5F21 /* libPods-AnalysisDemo.a in Frameworks */ = {isa = PBXBuildFile; fileRef = 8626AB1872D4802BF99E85B7 /* libPods-AnalysisDemo.a */; };
		3691F60A2B8EA91F0016FEB7 /* AnalysisDemoApp.swift in Sources */ = {isa = PBXBuildFile; fileRef = 3691F6092B8EA91F0016FEB7 /* AnalysisDemoApp.swift */; };
		3691F60C2B8EA91F0016FEB7 /* ContentView.swift in Sources */ = {isa = PBXBuildFile; fileRef = 3691F60B2B8EA91F0016FEB7 /* ContentView.swift */; };
		3691F60E2B8EA9200016FEB7 /* Assets.xcassets in Resources */ = {isa = PBXBuildFile; fileRef = 3691F60D2B8EA9200016FEB7 /* Assets.xcassets */; };
		3691F6112B8EA9200016FEB7 /* Preview Assets.xcassets in Resources */ = {isa = PBXBuildFile; fileRef = 3691F6102B8EA9200016FEB7 /* Preview Assets.xcassets */; };
		36CF609E2B8EAB0000624190 /* Analysis.swift in Sources */ = {isa = PBXBuildFile; fileRef = 36CF609D2B8EAB0000624190 /* Analysis.swift */; };
/* End PBXBuildFile section */

/* Begin PBXFileReference section */
		3691F6062B8EA91F0016FEB7 /* AnalysisDemo.app */ = {isa = PBXFileReference; explicitFileType = wrapper.application; includeInIndex = 0; path = AnalysisDemo.app; sourceTree = BUILT_PRODUCTS_DIR; };
		3691F6092B8EA91F0016FEB7 /* AnalysisDemoApp.swift */ = {isa = PBXFileReference; lastKnownFileType = sourcecode.swift; path = AnalysisDemoApp.swift; sourceTree = "<group>"; };
		3691F60B2B8EA91F0016FEB7 /* ContentView.swift */ = {isa = PBXFileReference; lastKnownFileType = sourcecode.swift; path = ContentView.swift; sourceTree = "<group>"; };
		3691F60D2B8EA9200016FEB7 /* Assets.xcassets */ = {isa = PBXFileReference; lastKnownFileType = folder.assetcatalog; path = Assets.xcassets; sourceTree = "<group>"; };
		3691F6102B8EA9200016FEB7 /* Preview Assets.xcassets */ = {isa = PBXFileReference; lastKnownFileType = folder.assetcatalog; path = "Preview Assets.xcassets"; sourceTree = "<group>"; };
		36CF609D2B8EAB0000624190 /* Analysis.swift */ = {isa = PBXFileReference; lastKnownFileType = sourcecode.swift; path = Analysis.swift; sourceTree = "<group>"; };
		481BA7D8621D83D478846AA4 /* Pods-AnalysisDemo.release.xcconfig */ = {isa = PBXFileReference; includeInIndex = 1; lastKnownFileType = text.xcconfig; name = "Pods-AnalysisDemo.release.xcconfig"; path = "Target Support Files/Pods-AnalysisDemo/Pods-AnalysisDemo.release.xcconfig"; sourceTree = "<group>"; };
		803D6AF063D03C625A209FB2 /* Pods-AnalysisDemo.debug.xcconfig */ = {isa = PBXFileReference; includeInIndex = 1; lastKnownFileType = text.xcconfig; name = "Pods-AnalysisDemo.debug.xcconfig"; path = "Target Support Files/Pods-AnalysisDemo/Pods-AnalysisDemo.debug.xcconfig"; sourceTree = "<group>"; };
		8626AB1872D4802BF99E85B7 /* libPods-AnalysisDemo.a */ = {isa = PBXFileReference; explicitFileType = archive.ar; includeInIndex = 0; path = "libPods-AnalysisDemo.a"; sourceTree = BUILT_PRODUCTS_DIR; };
/* End PBXFileReference section */

/* Begin PBXFrameworksBuildPhase section */
		3691F6032B8EA91F0016FEB7 /* Frameworks */ = {
			isa = PBXFrameworksBuildPhase;
			buildActionMask = 2147483647;
			files = (
				292CBD7066E12872DFED5F21 /* libPods-AnalysisDemo.a in Frameworks */,
			);
			runOnlyForDeploymentPostprocessing = 0;
		};
/* End PBXFrameworksBuildPhase section */

/* Begin PBXGroup section */
		045BF796CE5C994E4322886A /* Pods */ = {
			isa = PBXGroup;
			children = (
				803D6AF063D03C625A209FB2 /* Pods-AnalysisDemo.debug.xcconfig */,
				481BA7D8621D83D478846AA4 /* Pods-AnalysisDemo.release.xcconfig */,
			);
			path = Pods;
			sourceTree = "<group>";
		};
		259ACCFDCB331C3AE20FB389 /* Frameworks */ = {
			isa = PBXGroup;
			children = (
				8626AB1872D4802BF99E85B7 /* libPods-AnalysisDemo.a */,
			);
			name = Frameworks;
			sourceTree = "<group>";
		};
		3691F5FD2B8EA91F0016FEB7 = {
			isa = PBXGroup;
			children = (
				3691F6082B8EA91F0016FEB7 /* AnalysisDemo */,
				3691F6072B8EA91F0016FEB7 /* Products */,
				045BF796CE5C994E4322886A /* Pods */,
				259ACCFDCB331C3AE20FB389 /* Frameworks */,
			);
			sourceTree = "<group>";
		};
		3691F6072B8EA91F0016FEB7 /* Products */ = {
			isa = PBXGroup;
			children = (
				3691F6062B8EA91F0016FEB7 /* AnalysisDemo.app */,
			);
			name = Products;
			sourceTree = "<group>";
		};
		3691F6082B8EA91F0016FEB7 /* AnalysisDemo */ = {
			isa = PBXGroup;
			children = (
				3691F6092B8EA91F0016FEB7 /* AnalysisDemoApp.swift */,
				3691F60B2B8EA91F0016FEB7 /* ContentView.swift */,
				36CF609D2B8EAB0000624190 /* Analysis.swift */,
				3691F60D2B8EA9200016FEB7 /* Assets.xcassets */,
				3691F60F2B8EA9200016FEB7 /* Preview Content */,
			);
			path = AnalysisDemo;
			sourceTree = "<group>";
		};
		3691F60F2B8EA9200016FEB7 /* Preview Content */ = {
			isa = PBXGroup;
			children = (
				3691F6102B8EA9200016FEB7 /* Preview Assets.xcassets */,
			);
			path = "Preview Content";
			sourceTree = "<group>";
		};
/* End PBXGroup section */

/* Begin PBXNativeTarget section */
		3691F6052B8EA91F0016FEB7 /* AnalysisDemo */ = {
			isa = PBXNativeTarget;
			buildConfigurationList = 3691F6142B8EA9200016FEB7 /* Build configuration list for PBXNativeTarget "AnalysisDemo" */;
			buildPhases = (
				6BBEC9F0377F8EE6CE263A4E /* [CP] Check Pods Manifest.lock */,
				3691F6022B8EA91F0016FEB7 /* Sources */,
				3691F6032B8EA91F0016FEB7 /* Frameworks */,
				3691F6042B8EA91F0016FEB7 /* Resources */,
			);
			buildRules = (
			);
			dependencies = (
			);
			name = AnalysisDemo;
			productName = AnalysisDemo;
			productReference = 3691F6062B8EA91F0016FEB7 /* AnalysisDemo.app */;
			productType = "com.apple.product-type.application";
		};
/* End PBXNativeTarget section */

/* Begin PBXProject section */
		3691F5FE2B8EA91F0016FEB7 /* Project object */ = {
			isa = PBXProject;
			attributes = {
				BuildIndependentTargetsInParallel = 1;
				LastSwiftUpdateCheck = 1520;
				LastUpgradeCheck = 1520;
				TargetAttributes = {
					3691F6052B8EA91F0016FEB7 = {
						CreatedOnToolsVersion = 15.2;
					};
				};
			};
			buildConfigurationList = 3691F6012B8EA91F0016FEB7 /* Build configuration list for PBXProject "AnalysisDemo" */;
			compatibilityVersion = "Xcode 14.0";
			developmentRegion = en;
			hasScannedForEncodings = 0;
			knownRegions = (
				en,
				Base,
			);
			mainGroup = 3691F5FD2B8EA91F0016FEB7;
			productRefGroup = 3691F6072B8EA91F0016FEB7 /* Products */;
			projectDirPath = "";
			projectRoot = "";
			targets = (
				3691F6052B8EA91F0016FEB7 /* AnalysisDemo */,
			);
		};
/* End PBXProject section */

/* Begin PBXResourcesBuildPhase section */
		3691F6042B8EA91F0016FEB7 /* Resources */ = {
			isa = PBXResourcesBuildPhase;
			buildActionMask = 2147483647;
			files = (
				3691F6112B8EA9200016FEB7 /* Preview Assets.xcassets in Resources */,
				3691F60E2B8EA9200016FEB7 /* Assets.xcassets in Resources */,
			);
			runOnlyForDeploymentPostprocessing = 0;
		};
/* End PBXResourcesBuildPhase section */

/* Begin PBXShellScriptBuildPhase section */
		6BBEC9F0377F8EE6CE263A4E /* [CP] Check Pods Manifest.lock */ = {
			isa = PBXShellScriptBuildPhase;
			buildActionMask = 2147483647;
			files = (
			);
			inputFileListPaths = (
			);
			inputPaths = (
				"${PODS_PODFILE_DIR_PATH}/Podfile.lock",
				"${PODS_ROOT}/Manifest.lock",
			);
			name = "[CP] Check Pods Manifest.lock";
			outputFileListPaths = (
			);
			outputPaths = (
				"$(DERIVED_FILE_DIR)/Pods-AnalysisDemo-checkManifestLockResult.txt",
			);
			runOnlyForDeploymentPostprocessing = 0;
			shellPath = /bin/sh;
			shellScript = "diff \"${PODS_PODFILE_DIR_PATH}/Podfile.lock\" \"${PODS_ROOT}/Manifest.lock\" > /dev/null\nif [ $? != 0 ] ; then\n    # print error to STDERR\n    echo \"error: The sandbox is not in sync with the Podfile.lock. Run 'pod install' or update your CocoaPods installation.\" >&2\n    exit 1\nfi\n# This output is used by Xcode 'outputs' to avoid re-running this script phase.\necho \"SUCCESS\" > \"${SCRIPT_OUTPUT_FILE_0}\"\n";
			showEnvVarsInLog = 0;
		};
/* End PBXShellScriptBuildPhase section */

/* Begin PBXSourcesBuildPhase section */
		3691F6022B8EA91F0016FEB7 /* Sources */ = {
			isa = PBXSourcesBuildPhase;
			buildActionMask = 2147483647;
			files = (
				3691F60C2B8EA91F0016FEB7 /* ContentView.swift in Sources */,
				36CF609E2B8EAB0000624190 /* Analysis.swift in Sources */,
				3691F60A2B8EA91F0016FEB7 /* AnalysisDemoApp.swift in Sources */,
			);
			runOnlyForDeploymentPostprocessing = 0;
		};
/* End PBXSourcesBuildPhase section */

/* Begin XCBuildConfiguration section */
		3691F6122B8EA9200016FEB7 /* Debug */ = {
			isa = XCBuildConfiguration;
			buildSettings = {
				ALWAYS_SEARCH_USER_PATHS = NO;
				ASSETCATALOG_COMPILER_GENERATE_SWIFT_ASSET_SYMBOL_EXTENSIONS = YES;
				CLANG_ANALYZER_NONNULL = YES;
				CLANG_ANALYZER_NUMBER_OBJECT_CONVERSION = YES_AGGRESSIVE;
				CLANG_CXX_LANGUAGE_STANDARD = "gnu++20";
				CLANG_ENABLE_MODULES = YES;
				CLANG_ENABLE_OBJC_ARC = YES;
				CLANG_ENABLE_OBJC_WEAK = YES;
				CLANG_WARN_BLOCK_CAPTURE_AUTORELEASING = YES;
				CLANG_WARN_BOOL_CONVERSION = YES;
				CLANG_WARN_COMMA = YES;
				CLANG_WARN_CONSTANT_CONVERSION = YES;
				CLANG_WARN_DEPRECATED_OBJC_IMPLEMENTATIONS = YES;
				CLANG_WARN_DIRECT_OBJC_ISA_USAGE = YES_ERROR;
				CLANG_WARN_DOCUMENTATION_COMMENTS = YES;
				CLANG_WARN_EMPTY_BODY = YES;
				CLANG_WARN_ENUM_CONVERSION = YES;
				CLANG_WARN_INFINITE_RECURSION = YES;
				CLANG_WARN_INT_CONVERSION = YES;
				CLANG_WARN_NON_LITERAL_NULL_CONVERSION = YES;
				CLANG_WARN_OBJC_IMPLICIT_RETAIN_SELF = YES;
				CLANG_WARN_OBJC_LITERAL_CONVERSION = YES;
				CLANG_WARN_OBJC_ROOT_CLASS = YES_ERROR;
				CLANG_WARN_QUOTED_INCLUDE_IN_FRAMEWORK_HEADER = YES;
				CLANG_WARN_RANGE_LOOP_ANALYSIS = YES;
				CLANG_WARN_STRICT_PROTOTYPES = YES;
				CLANG_WARN_SUSPICIOUS_MOVE = YES;
				CLANG_WARN_UNGUARDED_AVAILABILITY = YES_AGGRESSIVE;
				CLANG_WARN_UNREACHABLE_CODE = YES;
				CLANG_WARN__DUPLICATE_METHOD_MATCH = YES;
				COPY_PHASE_STRIP = NO;
				DEBUG_INFORMATION_FORMAT = dwarf;
				ENABLE_STRICT_OBJC_MSGSEND = YES;
				ENABLE_TESTABILITY = YES;
				ENABLE_USER_SCRIPT_SANDBOXING = YES;
				GCC_C_LANGUAGE_STANDARD = gnu17;
				GCC_DYNAMIC_NO_PIC = NO;
				GCC_NO_COMMON_BLOCKS = YES;
				GCC_OPTIMIZATION_LEVEL = 0;
				GCC_PREPROCESSOR_DEFINITIONS = (
					"DEBUG=1",
					"$(inherited)",
				);
				GCC_WARN_64_TO_32_BIT_CONVERSION = YES;
				GCC_WARN_ABOUT_RETURN_TYPE = YES_ERROR;
				GCC_WARN_UNDECLARED_SELECTOR = YES;
				GCC_WARN_UNINITIALIZED_AUTOS = YES_AGGRESSIVE;
				GCC_WARN_UNUSED_FUNCTION = YES;
				GCC_WARN_UNUSED_VARIABLE = YES;
				IPHONEOS_DEPLOYMENT_TARGET = 17.2;
				LOCALIZATION_PREFERS_STRING_CATALOGS = YES;
				MTL_ENABLE_DEBUG_INFO = INCLUDE_SOURCE;
				MTL_FAST_MATH = YES;
				ONLY_ACTIVE_ARCH = YES;
				SDKROOT = iphoneos;
				SWIFT_ACTIVE_COMPILATION_CONDITIONS = "DEBUG $(inherited)";
				SWIFT_OPTIMIZATION_LEVEL = "-Onone";
			};
			name = Debug;
		};
		3691F6132B8EA9200016FEB7 /* Release */ = {
			isa = XCBuildConfiguration;
			buildSettings = {
				ALWAYS_SEARCH_USER_PATHS = NO;
				ASSETCATALOG_COMPILER_GENERATE_SWIFT_ASSET_SYMBOL_EXTENSIONS = YES;
				CLANG_ANALYZER_NONNULL = YES;
				CLANG_ANALYZER_NUMBER_OBJECT_CONVERSION = YES_AGGRESSIVE;
				CLANG_CXX_LANGUAGE_STANDARD = "gnu++20";
				CLANG_ENABLE_MODULES = YES;
				CLANG_ENABLE_OBJC_ARC = YES;
				CLANG_ENABLE_OBJC_WEAK = YES;
				CLANG_WARN_BLOCK_CAPTURE_AUTORELEASING = YES;
				CLANG_WARN_BOOL_CONVERSION = YES;
				CLANG_WARN_COMMA = YES;
				CLANG_WARN_CONSTANT_CONVERSION = YES;
				CLANG_WARN_DEPRECATED_OBJC_IMPLEMENTATIONS = YES;
				CLANG_WARN_DIRECT_OBJC_ISA_USAGE = YES_ERROR;
				CLANG_WARN_DOCUMENTATION_COMMENTS = YES;
				CLANG_WARN_EMPTY_BODY = YES;
				CLANG_WARN_ENUM_CONVERSION = YES;
				CLANG_WARN_INFINITE_RECURSION = YES;
				CLANG_WARN_INT_CONVERSION = YES;
				CLANG_WARN_NON_LITERAL_NULL_CONVERSION = YES;
				CLANG_WARN_OBJC_IMPLICIT_RETAIN_SELF = YES;
				CLANG_WARN_OBJC_LITERAL_CONVERSION = YES;
				CLANG_WARN_OBJC_ROOT_CLASS = YES_ERROR;
				CLANG_WARN_QUOTED_INCLUDE_IN_FRAMEWORK_HEADER = YES;
				CLANG_WARN_RANGE_LOOP_ANALYSIS = YES;
				CLANG_WARN_STRICT_PROTOTYPES = YES;
				CLANG_WARN_SUSPICIOUS_MOVE = YES;
				CLANG_WARN_UNGUARDED_AVAILABILITY = YES_AGGRESSIVE;
				CLANG_WARN_UNREACHABLE_CODE = YES;
				CLANG_WARN__DUPLICATE_METHOD_MATCH = YES;
				COPY_PHASE_STRIP = NO;
				DEBUG_INFORMATION_FORMAT = "dwarf-with-dsym";
				ENABLE_NS_ASSERTIONS = NO;
				ENABLE_STRICT_OBJC_MSGSEND = YES;
				ENABLE_USER_SCRIPT_SANDBOXING = YES;
				GCC_C_LANGUAGE_STANDARD = gnu17;
				GCC_NO_COMMON_BLOCKS = YES;
				GCC_WARN_64_TO_32_BIT_CONVERSION = YES;
				GCC_WARN_ABOUT_RETURN_TYPE = YES_ERROR;
				GCC_WARN_UNDECLARED_SELECTOR = YES;
				GCC_WARN_UNINITIALIZED_AUTOS = YES_AGGRESSIVE;
				GCC_WARN_UNUSED_FUNCTION = YES;
				GCC_WARN_UNUSED_VARIABLE = YES;
				IPHONEOS_DEPLOYMENT_TARGET = 17.2;
				LOCALIZATION_PREFERS_STRING_CATALOGS = YES;
				MTL_ENABLE_DEBUG_INFO = NO;
				MTL_FAST_MATH = YES;
				SDKROOT = iphoneos;
				SWIFT_COMPILATION_MODE = wholemodule;
				VALIDATE_PRODUCT = YES;
			};
			name = Release;
		};
		3691F6152B8EA9200016FEB7 /* Debug */ = {
			isa = XCBuildConfiguration;
			baseConfigurationReference = 803D6AF063D03C625A209FB2 /* Pods-AnalysisDemo.debug.xcconfig */;
			buildSettings = {
				ASSETCATALOG_COMPILER_APPICON_NAME = AppIcon;
				ASSETCATALOG_COMPILER_GLOBAL_ACCENT_COLOR_NAME = AccentColor;
				CODE_SIGN_STYLE = Automatic;
				CURRENT_PROJECT_VERSION = 1;
				DEVELOPMENT_ASSET_PATHS = "\"AnalysisDemo/Preview Content\"";
				ENABLE_PREVIEWS = YES;
				GENERATE_INFOPLIST_FILE = YES;
				INFOPLIST_KEY_UIApplicationSceneManifest_Generation = YES;
				INFOPLIST_KEY_UIApplicationSupportsIndirectInputEvents = YES;
				INFOPLIST_KEY_UILaunchScreen_Generation = YES;
				INFOPLIST_KEY_UISupportedInterfaceOrientations_iPad = "UIInterfaceOrientationPortrait UIInterfaceOrientationPortraitUpsideDown UIInterfaceOrientationLandscapeLeft UIInterfaceOrientationLandscapeRight";
				INFOPLIST_KEY_UISupportedInterfaceOrientations_iPhone = "UIInterfaceOrientationPortrait UIInterfaceOrientationLandscapeLeft UIInterfaceOrientationLandscapeRight";
				LD_RUNPATH_SEARCH_PATHS = (
					"$(inherited)",
					"@executable_path/Frameworks",
				);
				MARKETING_VERSION = 1.0;
				PRODUCT_BUNDLE_IDENTIFIER = "com.cover-more.AnalysisDemo";
				PRODUCT_NAME = "$(TARGET_NAME)";
				SWIFT_EMIT_LOC_STRINGS = YES;
				SWIFT_VERSION = 5.0;
				TARGETED_DEVICE_FAMILY = "1,2";
			};
			name = Debug;
		};
		3691F6162B8EA9200016FEB7 /* Release */ = {
			isa = XCBuildConfiguration;
			baseConfigurationReference = 481BA7D8621D83D478846AA4 /* Pods-AnalysisDemo.release.xcconfig */;
			buildSettings = {
				ASSETCATALOG_COMPILER_APPICON_NAME = AppIcon;
				ASSETCATALOG_COMPILER_GLOBAL_ACCENT_COLOR_NAME = AccentColor;
				CODE_SIGN_STYLE = Automatic;
				CURRENT_PROJECT_VERSION = 1;
				DEVELOPMENT_ASSET_PATHS = "\"AnalysisDemo/Preview Content\"";
				ENABLE_PREVIEWS = YES;
				GENERATE_INFOPLIST_FILE = YES;
				INFOPLIST_KEY_UIApplicationSceneManifest_Generation = YES;
				INFOPLIST_KEY_UIApplicationSupportsIndirectInputEvents = YES;
				INFOPLIST_KEY_UILaunchScreen_Generation = YES;
				INFOPLIST_KEY_UISupportedInterfaceOrientations_iPad = "UIInterfaceOrientationPortrait UIInterfaceOrientationPortraitUpsideDown UIInterfaceOrientationLandscapeLeft UIInterfaceOrientationLandscapeRight";
				INFOPLIST_KEY_UISupportedInterfaceOrientations_iPhone = "UIInterfaceOrientationPortrait UIInterfaceOrientationLandscapeLeft UIInterfaceOrientationLandscapeRight";
				LD_RUNPATH_SEARCH_PATHS = (
					"$(inherited)",
					"@executable_path/Frameworks",
				);
				MARKETING_VERSION = 1.0;
				PRODUCT_BUNDLE_IDENTIFIER = "com.cover-more.AnalysisDemo";
				PRODUCT_NAME = "$(TARGET_NAME)";
				SWIFT_EMIT_LOC_STRINGS = YES;
				SWIFT_VERSION = 5.0;
				TARGETED_DEVICE_FAMILY = "1,2";
			};
			name = Release;
		};
/* End XCBuildConfiguration section */

/* Begin XCConfigurationList section */
		3691F6012B8EA91F0016FEB7 /* Build configuration list for PBXProject "AnalysisDemo" */ = {
			isa = XCConfigurationList;
			buildConfigurations = (
				3691F6122B8EA9200016FEB7 /* Debug */,
				3691F6132B8EA9200016FEB7 /* Release */,
			);
			defaultConfigurationIsVisible = 0;
			defaultConfigurationName = Release;
		};
		3691F6142B8EA9200016FEB7 /* Build configuration list for PBXNativeTarget "AnalysisDemo" */ = {
			isa = XCConfigurationList;
			buildConfigurations = (
				3691F6152B8EA9200016FEB7 /* Debug */,
				3691F6162B8EA9200016FEB7 /* Release */,
			);
			defaultConfigurationIsVisible = 0;
			defaultConfigurationName = Release;
		};
/* End XCConfigurationList section */
	};
	rootObject = 3691F5FE2B8EA91F0016FEB7 /* Project object */;
}
